
Microsoft Visual Studio Solution File, Format Version 12.00
# Visual Studio Version 16
VisualStudioVersion = 16.0.31321.278
MinimumVisualStudioVersion = 10.0.40219.1
Project("{FAE04EC0-301F-11D3-BF4B-00C04F79EFBC}") = "ByteBank", "ByteBank\ByteBank.csproj", "{79D57F86-87E4-4BF2-BB5B-CE12C9817B1C}"
EndProject
Global
	GlobalSection(SolutionConfigurationPlatforms) = preSolution
		Debug|Any CPU = Debug|Any CPU
		Release|Any CPU = Release|Any CPU
	EndGlobalSection
	GlobalSection(ProjectConfigurationPlatforms) = postSolution
		{79D57F86-87E4-4BF2-BB5B-CE12C9817B1C}.Debug|Any CPU.ActiveCfg = Debug|Any CPU
		{79D57F86-87E4-4BF2-BB5B-CE12C9817B1C}.Debug|Any CPU.Build.0 = Debug|Any CPU
		{79D57F86-87E4-4BF2-BB5B-CE12C9817B1C}.Release|Any CPU.ActiveCfg = Release|Any CPU
		{79D57F86-87E4-4BF2-BB5B-CE12C9817B1C}.Release|Any CPU.Build.0 = Release|Any CPU
	EndGlobalSection
	GlobalSection(SolutionProperties) = preSolution
		HideSolutionNode = FALSE
	EndGlobalSection
	GlobalSection(ExtensibilityGlobals) = postSolution
		SolutionGuid = {70709583-F52C-4A03-829A-C5EBDA1BF2A1}
	EndGlobalSection
EndGlobal
